
Microsoft Visual Studio Solution File, Format Version 12.00
# Visual Studio 15
VisualStudioVersion = 15.0.27130.2027
MinimumVisualStudioVersion = 10.0.40219.1
Project("{888888A0-9F3D-457C-B088-3A5042F75D52}") = "Big Mac Baseball", "Big Mac Baseball\Big Mac Baseball.pyproj", "{549E0266-5EC4-4C4A-85B4-50CD49949B95}"
EndProject
Global
	GlobalSection(SolutionConfigurationPlatforms) = preSolution
		Debug|Any CPU = Debug|Any CPU
		Release|Any CPU = Release|Any CPU
	EndGlobalSection
	GlobalSection(ProjectConfigurationPlatforms) = postSolution
		{549E0266-5EC4-4C4A-85B4-50CD49949B95}.Debug|Any CPU.ActiveCfg = Debug|Any CPU
		{549E0266-5EC4-4C4A-85B4-50CD49949B95}.Release|Any CPU.ActiveCfg = Release|Any CPU
	EndGlobalSection
	GlobalSection(SolutionProperties) = preSolution
		HideSolutionNode = FALSE
	EndGlobalSection
	GlobalSection(ExtensibilityGlobals) = postSolution
		SolutionGuid = {FABF042D-9821-41BA-9E7A-D4EF21A83C7D}
	EndGlobalSection
EndGlobal
